
Microsoft Visual Studio Solution File, Format Version 12.00
# Visual Studio Version 16
VisualStudioVersion = 16.0.30413.136
MinimumVisualStudioVersion = 10.0.40219.1
Project("{9A19103F-16F7-4668-BE54-9A1E7A4F7556}") = "TaskManager", "TaskManager.csproj", "{DAE78F9F-C39B-448A-B898-E6A4CBC6157B}"
EndProject
Global
	GlobalSection(SolutionConfigurationPlatforms) = preSolution
		Debug|Any CPU = Debug|Any CPU
		Release|Any CPU = Release|Any CPU
	EndGlobalSection
	GlobalSection(ProjectConfigurationPlatforms) = postSolution
		{DAE78F9F-C39B-448A-B898-E6A4CBC6157B}.Debug|Any CPU.ActiveCfg = Debug|Any CPU
		{DAE78F9F-C39B-448A-B898-E6A4CBC6157B}.Debug|Any CPU.Build.0 = Debug|Any CPU
		{DAE78F9F-C39B-448A-B898-E6A4CBC6157B}.Release|Any CPU.ActiveCfg = Release|Any CPU
		{DAE78F9F-C39B-448A-B898-E6A4CBC6157B}.Release|Any CPU.Build.0 = Release|Any CPU
	EndGlobalSection
	GlobalSection(SolutionProperties) = preSolution
		HideSolutionNode = FALSE
	EndGlobalSection
	GlobalSection(ExtensibilityGlobals) = postSolution
		SolutionGuid = {2FB01A22-6FEE-4517-9A3A-BD46C272A76D}
	EndGlobalSection
EndGlobal
